
Microsoft Visual Studio Solution File, Format Version 12.00
# Visual Studio 14
VisualStudioVersion = 14.0.25420.1
MinimumVisualStudioVersion = 10.0.40219.1
Project("{8BB2217D-0F2D-49D1-97BC-3654ED321F3B}") = "Dogevents.Core", "Web\Dogevents.Core\Dogevents.Core.xproj", "{6C7826B4-3E6E-4AF5-ACE3-F081E38A3AED}"
EndProject
Project("{8BB2217D-0F2D-49D1-97BC-3654ED321F3B}") = "Dogevents.Web", "Web\Dogevents.Web\Dogevents.Web.xproj", "{CA96AC46-0C4D-47EA-9B8A-4D46241F7160}"
EndProject
Global
	GlobalSection(SolutionConfigurationPlatforms) = preSolution
		Debug|Any CPU = Debug|Any CPU
		Release|Any CPU = Release|Any CPU
	EndGlobalSection
	GlobalSection(ProjectConfigurationPlatforms) = postSolution
		{6C7826B4-3E6E-4AF5-ACE3-F081E38A3AED}.Debug|Any CPU.ActiveCfg = Debug|Any CPU
		{6C7826B4-3E6E-4AF5-ACE3-F081E38A3AED}.Debug|Any CPU.Build.0 = Debug|Any CPU
		{6C7826B4-3E6E-4AF5-ACE3-F081E38A3AED}.Release|Any CPU.ActiveCfg = Release|Any CPU
		{6C7826B4-3E6E-4AF5-ACE3-F081E38A3AED}.Release|Any CPU.Build.0 = Release|Any CPU
		{CA96AC46-0C4D-47EA-9B8A-4D46241F7160}.Debug|Any CPU.ActiveCfg = Debug|Any CPU
		{CA96AC46-0C4D-47EA-9B8A-4D46241F7160}.Debug|Any CPU.Build.0 = Debug|Any CPU
		{CA96AC46-0C4D-47EA-9B8A-4D46241F7160}.Release|Any CPU.ActiveCfg = Release|Any CPU
		{CA96AC46-0C4D-47EA-9B8A-4D46241F7160}.Release|Any CPU.Build.0 = Release|Any CPU
	EndGlobalSection
	GlobalSection(SolutionProperties) = preSolution
		HideSolutionNode = FALSE
	EndGlobalSection
EndGlobal
